{
  "lockfile_version": "1",
  "packages": {
    "git-filter-repo@latest": {
      "last_modified": "2024-03-08T13:51:52Z",
      "resolved": "github:NixOS/nixpkgs/a343533bccc62400e8a9560423486a3b6c11a23b#git-filter-repo",
      "source": "devbox-search",
      "version": "2.38.0",
      "systems": {
        "aarch64-darwin": {
          "outputs": [
            {
              "name": "out",
              "path": "/nix/store/rrn0iiwhgpnk26z9qckmr7z8fzy0zis9-python3.11-git-filter-repo-2.38.0",
              "default": true
            },
            {
              "name": "dist",
              "path": "/nix/store/rqrfqc7imllihs6dc0znx8pyjr168j10-python3.11-git-filter-repo-2.38.0-dist"
            }
          ],
          "store_path": "/nix/store/rrn0iiwhgpnk26z9qckmr7z8fzy0zis9-python3.11-git-filter-repo-2.38.0"
        },
        "aarch64-linux": {
          "outputs": [
            {
              "name": "out",
              "path": "/nix/store/5i9mbl0dmkd8invq8yy0gl147295ajbs-python3.11-git-filter-repo-2.38.0",
              "default": true
            },
            {
              "name": "dist",
              "path": "/nix/store/hj76pqr5nbzjkc3n0y7lymxl3ljjrfqp-python3.11-git-filter-repo-2.38.0-dist"
            }
          ],
          "store_path": "/nix/store/5i9mbl0dmkd8invq8yy0gl147295ajbs-python3.11-git-filter-repo-2.38.0"
        },
        "x86_64-darwin": {
          "outputs": [
            {
              "name": "out",
              "path": "/nix/store/p43yj5dc9gm8b0fq23brsrndq7rpd63f-python3.11-git-filter-repo-2.38.0",
              "default": true
            },
            {
              "name": "dist",
              "path": "/nix/store/dyn24zm2y54w3n43wj62bfql64p4sb6w-python3.11-git-filter-repo-2.38.0-dist"
            }
          ],
          "store_path": "/nix/store/p43yj5dc9gm8b0fq23brsrndq7rpd63f-python3.11-git-filter-repo-2.38.0"
        },
        "x86_64-linux": {
          "outputs": [
            {
              "name": "out",
              "path": "/nix/store/lqbg1wmsib6lab9fmaaws889wmgfikv2-python3.11-git-filter-repo-2.38.0",
              "default": true
            },
            {
              "name": "dist",
              "path": "/nix/store/9k0ngy6x8nrf0awvgic5i7q5dnpd2rl5-python3.11-git-filter-repo-2.38.0-dist"
            }
          ],
          "store_path": "/nix/store/lqbg1wmsib6lab9fmaaws889wmgfikv2-python3.11-git-filter-repo-2.38.0"
        }
      }
    },
    "git-lfs@latest": {
      "last_modified": "2024-03-09T07:11:56Z",
      "resolved": "github:NixOS/nixpkgs/0e7f98a5f30166cbed344569426850b21e4091d4#git-lfs",
      "source": "devbox-search",
      "version": "3.5.1",
      "systems": {
        "aarch64-darwin": {
          "outputs": [
            {
              "name": "out",
              "path": "/nix/store/mg0xfp7mpplblr9zv27zl8m5csi6qkfr-git-lfs-3.5.1",
              "default": true
            }
          ],
          "store_path": "/nix/store/mg0xfp7mpplblr9zv27zl8m5csi6qkfr-git-lfs-3.5.1"
        },
        "aarch64-linux": {
          "outputs": [
            {
              "name": "out",
              "path": "/nix/store/cbmk9r2809f8k2kfhq0jsa0bla758n2a-git-lfs-3.5.1",
              "default": true
            }
          ],
          "store_path": "/nix/store/cbmk9r2809f8k2kfhq0jsa0bla758n2a-git-lfs-3.5.1"
        },
        "x86_64-darwin": {
          "outputs": [
            {
              "name": "out",
              "path": "/nix/store/fmri7b2bpv79fj2g6jql2dmhyq3bls38-git-lfs-3.5.1",
              "default": true
            }
          ],
          "store_path": "/nix/store/fmri7b2bpv79fj2g6jql2dmhyq3bls38-git-lfs-3.5.1"
        },
        "x86_64-linux": {
          "outputs": [
            {
              "name": "out",
              "path": "/nix/store/3lga7b1bhrnrjxnhjw85068yj4n99jbg-git-lfs-3.5.1",
              "default": true
            }
          ],
          "store_path": "/nix/store/3lga7b1bhrnrjxnhjw85068yj4n99jbg-git-lfs-3.5.1"
        }
      }
    },
    "nodePackages.pnpm@latest": {
      "last_modified": "2024-03-08T13:51:52Z",
      "resolved": "github:NixOS/nixpkgs/a343533bccc62400e8a9560423486a3b6c11a23b#nodePackages.pnpm",
      "source": "devbox-search",
      "version": "8.15.3",
      "systems": {
        "aarch64-darwin": {
          "outputs": [
            {
              "name": "out",
              "path": "/nix/store/m9p6q42njy1k33fdzf2axqyhy8vh4vn5-pnpm-8.15.3",
              "default": true
            }
          ],
          "store_path": "/nix/store/m9p6q42njy1k33fdzf2axqyhy8vh4vn5-pnpm-8.15.3"
        },
        "aarch64-linux": {
          "outputs": [
            {
              "name": "out",
              "path": "/nix/store/war7jm6ka7afc2v8a78hlq8v9m4pg38m-pnpm-8.15.3",
              "default": true
            }
          ],
          "store_path": "/nix/store/war7jm6ka7afc2v8a78hlq8v9m4pg38m-pnpm-8.15.3"
        },
        "x86_64-darwin": {
          "outputs": [
            {
              "name": "out",
              "path": "/nix/store/3w3bs2cdqx7sivcldcf6drwrhilv511m-pnpm-8.15.3",
              "default": true
            }
          ],
          "store_path": "/nix/store/3w3bs2cdqx7sivcldcf6drwrhilv511m-pnpm-8.15.3"
        },
        "x86_64-linux": {
          "outputs": [
            {
              "name": "out",
              "path": "/nix/store/hcq09j80njlfghy65qmwhn5nq20nk8kl-pnpm-8.15.3",
              "default": true
            }
          ],
          "store_path": "/nix/store/hcq09j80njlfghy65qmwhn5nq20nk8kl-pnpm-8.15.3"
        }
      }
    },
    "nodejs@latest": {
      "last_modified": "2024-03-09T07:11:56Z",
      "plugin_version": "0.0.2",
      "resolved": "github:NixOS/nixpkgs/0e7f98a5f30166cbed344569426850b21e4091d4#nodejs_21",
      "source": "devbox-search",
      "version": "21.7.1",
      "systems": {
        "aarch64-darwin": {
          "outputs": [
            {
              "name": "out",
              "path": "/nix/store/mh1db6rni4mlcr473sh3fy6jg2m38jvg-nodejs-21.7.1",
              "default": true
            },
            {
              "name": "libv8",
              "path": "/nix/store/bn2x9pm3fsnvflwvr72rqrhras5cadiq-nodejs-21.7.1-libv8"
            }
          ],
          "store_path": "/nix/store/mh1db6rni4mlcr473sh3fy6jg2m38jvg-nodejs-21.7.1"
        },
        "aarch64-linux": {
          "outputs": [
            {
              "name": "out",
              "path": "/nix/store/ziyb3ny5f9hcwp0lsb9gwdv1pqsn03x1-nodejs-21.7.1",
              "default": true
            },
            {
              "name": "libv8",
              "path": "/nix/store/1b5fk71c4pka3s88aaijdy0d2zy8jjby-nodejs-21.7.1-libv8"
            }
          ],
          "store_path": "/nix/store/ziyb3ny5f9hcwp0lsb9gwdv1pqsn03x1-nodejs-21.7.1"
        },
        "x86_64-darwin": {
          "outputs": [
            {
              "name": "out",
              "path": "/nix/store/0zaa3aarbsj38g62ihv94gz2hgvgh6bc-nodejs-21.7.1",
              "default": true
            },
            {
              "name": "libv8",
              "path": "/nix/store/rh37hjqlafl12k6ayqjh47i2368crsh4-nodejs-21.7.1-libv8"
            }
          ],
          "store_path": "/nix/store/0zaa3aarbsj38g62ihv94gz2hgvgh6bc-nodejs-21.7.1"
        },
        "x86_64-linux": {
          "outputs": [
            {
              "name": "out",
              "path": "/nix/store/4arhczh30ychpx6h2wpj5nhx39wm0nla-nodejs-21.7.1",
              "default": true
            },
            {
              "name": "libv8",
              "path": "/nix/store/hy0382418bj2gz8045h8y2ih9a2j42py-nodejs-21.7.1-libv8"
            }
          ],
          "store_path": "/nix/store/4arhczh30ychpx6h2wpj5nhx39wm0nla-nodejs-21.7.1"
        }
      }
    },
    "poetry@1.7.1": {
      "last_modified": "2024-02-24T23:06:34Z",
      "plugin_version": "0.0.4",
      "resolved": "github:NixOS/nixpkgs/9a9dae8f6319600fa9aebde37f340975cab4b8c0#poetry",
      "source": "devbox-search",
      "version": "1.7.1",
      "systems": {
        "aarch64-darwin": {
          "outputs": [
            {
              "name": "out",
              "path": "/nix/store/7d2mr3m7qha3i8bxd5mjb8nbh8igq1nb-python3.11-poetry-1.7.1",
              "default": true
            },
            {
              "name": "dist",
              "path": "/nix/store/qzzwx13pkxc37dzxbmihxnm15dy7xr3z-python3.11-poetry-1.7.1-dist"
            }
          ],
          "store_path": "/nix/store/7d2mr3m7qha3i8bxd5mjb8nbh8igq1nb-python3.11-poetry-1.7.1"
        },
        "aarch64-linux": {
          "outputs": [
            {
              "name": "out",
              "path": "/nix/store/9dv6lwqcc5ykkqma71b85b366fwx9nkz-python3.11-poetry-1.7.1",
              "default": true
            },
            {
              "name": "dist",
              "path": "/nix/store/c7wbg5ss3ij510kp71n9liz5j6q2c7g5-python3.11-poetry-1.7.1-dist"
            }
          ],
          "store_path": "/nix/store/9dv6lwqcc5ykkqma71b85b366fwx9nkz-python3.11-poetry-1.7.1"
        },
        "x86_64-darwin": {
          "outputs": [
            {
              "name": "out",
              "path": "/nix/store/idx6rj229d87wxwdl3a1r7v4zd64xij2-python3.11-poetry-1.7.1",
              "default": true
            },
            {
              "name": "dist",
              "path": "/nix/store/2hwrw0l72xalin1cdgzvx9br87w2601c-python3.11-poetry-1.7.1-dist"
            }
          ],
          "store_path": "/nix/store/idx6rj229d87wxwdl3a1r7v4zd64xij2-python3.11-poetry-1.7.1"
        },
        "x86_64-linux": {
          "outputs": [
            {
              "name": "out",
              "path": "/nix/store/fz138wnp8c6v50g9mypin45y4rax1wyg-python3.11-poetry-1.7.1",
              "default": true
            },
            {
              "name": "dist",
              "path": "/nix/store/1jh824v2rkqf5jd8k17n7q4fc9l25kd8-python3.11-poetry-1.7.1-dist"
            }
          ],
          "store_path": "/nix/store/fz138wnp8c6v50g9mypin45y4rax1wyg-python3.11-poetry-1.7.1"
        }
      }
    },
    "python@latest": {
      "last_modified": "2024-03-08T13:51:52Z",
      "plugin_version": "0.0.3",
      "resolved": "github:NixOS/nixpkgs/a343533bccc62400e8a9560423486a3b6c11a23b#python312",
      "source": "devbox-search",
      "version": "3.12.2",
      "systems": {
        "aarch64-darwin": {
          "outputs": [
            {
              "name": "out",
              "path": "/nix/store/z5jwccxshib4dl383842bw2gml5pzpji-python3-3.12.2",
              "default": true
            }
          ],
          "store_path": "/nix/store/z5jwccxshib4dl383842bw2gml5pzpji-python3-3.12.2"
        },
        "aarch64-linux": {
          "outputs": [
            {
              "name": "out",
              "path": "/nix/store/lhc7g3xx033pp5vshv6hn71j945ldjyq-python3-3.12.2",
              "default": true
            },
            {
              "name": "debug",
              "path": "/nix/store/smjf247ammiy4vzv9z2gh79px7g4jdwh-python3-3.12.2-debug"
            }
          ],
          "store_path": "/nix/store/lhc7g3xx033pp5vshv6hn71j945ldjyq-python3-3.12.2"
        },
        "x86_64-darwin": {
          "outputs": [
            {
              "name": "out",
              "path": "/nix/store/g4vnngnn4rpfs5hm2p4bw394pbdgk312-python3-3.12.2",
              "default": true
            }
          ],
          "store_path": "/nix/store/g4vnngnn4rpfs5hm2p4bw394pbdgk312-python3-3.12.2"
        },
        "x86_64-linux": {
          "outputs": [
            {
              "name": "out",
              "path": "/nix/store/dqsflsigjcxisziiynrxlbsm2y71m4bq-python3-3.12.2",
              "default": true
            },
            {
              "name": "debug",
              "path": "/nix/store/y5z5g17f7nsaaf5yp8qv8nvmk5vq6cjp-python3-3.12.2-debug"
            }
          ],
          "store_path": "/nix/store/dqsflsigjcxisziiynrxlbsm2y71m4bq-python3-3.12.2"
        }
      }
    },
    "sqlite@latest": {
      "last_modified": "2024-03-14T09:34:31Z",
      "resolved": "github:NixOS/nixpkgs/bd5ddf2c6bfafff031edf80221e1ee94e86ca10a#sqlite",
      "source": "devbox-search",
      "version": "3.45.1",
      "systems": {
        "aarch64-darwin": {
          "outputs": [
            {
              "name": "bin",
              "path": "/nix/store/4b23fh7rpwnaxxangxggx7g12lw54jjx-sqlite-3.45.1-bin",
              "default": true
            },
            {
              "name": "dev",
              "path": "/nix/store/pnf72d6l2ckm1sg94q2bmj38y1nml1cn-sqlite-3.45.1-dev"
            },
            {
              "name": "out",
              "path": "/nix/store/0jiv8cvf4395k5wz9l4ygnxkqyas23jz-sqlite-3.45.1"
            }
          ],
          "store_path": "/nix/store/4b23fh7rpwnaxxangxggx7g12lw54jjx-sqlite-3.45.1-bin"
        },
        "aarch64-linux": {
          "outputs": [
            {
              "name": "bin",
              "path": "/nix/store/3qlidvyx1zryg9dy96vv0w3k8f5vskdv-sqlite-3.45.1-bin",
              "default": true
            },
            {
              "name": "out",
              "path": "/nix/store/965d4cb8s1q4fdd9hdw2asy29zgnxjdr-sqlite-3.45.1"
            },
            {
              "name": "debug",
              "path": "/nix/store/vbp053adnhlnr3j6kgnzxcydc69xvg85-sqlite-3.45.1-debug"
            },
            {
              "name": "dev",
              "path": "/nix/store/rzql026hy10ssajj8wfdnvln7c87zm60-sqlite-3.45.1-dev"
            }
          ],
          "store_path": "/nix/store/3qlidvyx1zryg9dy96vv0w3k8f5vskdv-sqlite-3.45.1-bin"
        },
        "x86_64-darwin": {
          "outputs": [
            {
              "name": "bin",
              "path": "/nix/store/jlw7483prsnfrqgd0sxivybj350alg35-sqlite-3.45.1-bin",
              "default": true
            },
            {
              "name": "dev",
              "path": "/nix/store/9ybrcn0v079q68rqv72008b1lvlprkl8-sqlite-3.45.1-dev"
            },
            {
              "name": "out",
              "path": "/nix/store/0k8nxapydyxf077aqskq20xk4m0d7rl5-sqlite-3.45.1"
            }
          ],
          "store_path": "/nix/store/jlw7483prsnfrqgd0sxivybj350alg35-sqlite-3.45.1-bin"
        },
        "x86_64-linux": {
          "outputs": [
            {
              "name": "bin",
              "path": "/nix/store/60yaqidmkcq1m7cgnl46caw72xcxcy8r-sqlite-3.45.1-bin",
              "default": true
            },
            {
              "name": "debug",
              "path": "/nix/store/vsc4dv46f7nz76fyjznimz6m68h6jsvj-sqlite-3.45.1-debug"
            },
            {
              "name": "dev",
              "path": "/nix/store/17iz09krgkygjb4dkl2r76y5dnw8r7yk-sqlite-3.45.1-dev"
            },
            {
              "name": "out",
              "path": "/nix/store/mzapcvwfqbcl4rx880m6f08i90g2hh7z-sqlite-3.45.1"
            }
          ],
          "store_path": "/nix/store/60yaqidmkcq1m7cgnl46caw72xcxcy8r-sqlite-3.45.1-bin"
        }
      }
    },
    "turso-cli@latest": {
      "last_modified": "2024-03-14T09:34:31Z",
      "resolved": "github:NixOS/nixpkgs/bd5ddf2c6bfafff031edf80221e1ee94e86ca10a#turso-cli",
      "source": "devbox-search",
      "version": "0.89.0",
      "systems": {
        "aarch64-darwin": {
          "outputs": [
            {
              "name": "out",
              "path": "/nix/store/dn5drxvz5f3lxfdk46g4hw4z2yly5dx7-turso-cli-0.89.0",
              "default": true
            }
          ],
          "store_path": "/nix/store/dn5drxvz5f3lxfdk46g4hw4z2yly5dx7-turso-cli-0.89.0"
        },
        "aarch64-linux": {
          "outputs": [
            {
              "name": "out",
              "path": "/nix/store/jqrks8j8211135qxbngf1a3gib97fb7g-turso-cli-0.89.0",
              "default": true
            }
          ],
          "store_path": "/nix/store/jqrks8j8211135qxbngf1a3gib97fb7g-turso-cli-0.89.0"
        },
        "x86_64-darwin": {
          "outputs": [
            {
              "name": "out",
              "path": "/nix/store/9mgci9nvad1csr7hz250q38f7lg1yd37-turso-cli-0.89.0",
              "default": true
            }
          ],
          "store_path": "/nix/store/9mgci9nvad1csr7hz250q38f7lg1yd37-turso-cli-0.89.0"
        },
        "x86_64-linux": {
          "outputs": [
            {
              "name": "out",
              "path": "/nix/store/3bgrw578zd6p2yqa8zgwsfcq40bn6sz1-turso-cli-0.89.0",
              "default": true
            }
          ],
          "store_path": "/nix/store/3bgrw578zd6p2yqa8zgwsfcq40bn6sz1-turso-cli-0.89.0"
        }
      }
    }
  }
}
